
Microsoft Visual Studio Solution File, Format Version 12.00
# Visual Studio 15
VisualStudioVersion = 15.0.28307.168
MinimumVisualStudioVersion = 10.0.40219.1
Project("{8BC9CEB8-8B4A-11D0-8D11-00A0C91BC942}") = "Sandbox", "Sandbox\Sandbox.vcxproj", "{72DC0F54-40C0-4E3B-9ED0-3FBBE41D7563}"
EndProject
Project("{8BC9CEB8-8B4A-11D0-8D11-00A0C91BC942}") = "Orbit-Engine", "Orbit-Engine\Orbit-Engine.vcxproj", "{7B59BEFA-828A-4C00-9CA6-18961165F6E4}"
EndProject
Global
	GlobalSection(SolutionConfigurationPlatforms) = preSolution
		Debug|x64 = Debug|x64
		Release|x64 = Release|x64
	EndGlobalSection
	GlobalSection(ProjectConfigurationPlatforms) = postSolution
		{7B59BEFA-828A-4C00-9CA6-18961165F6E4}.Debug|x64.ActiveCfg = Debug|x64
		{7B59BEFA-828A-4C00-9CA6-18961165F6E4}.Debug|x64.Build.0 = Debug|x64
		{7B59BEFA-828A-4C00-9CA6-18961165F6E4}.Release|x64.ActiveCfg = Release|x64
		{7B59BEFA-828A-4C00-9CA6-18961165F6E4}.Release|x64.Build.0 = Release|x64
		{72DC0F54-40C0-4E3B-9ED0-3FBBE41D7563}.Debug|x64.ActiveCfg = Debug|x64
		{72DC0F54-40C0-4E3B-9ED0-3FBBE41D7563}.Debug|x64.Build.0 = Debug|x64
		{72DC0F54-40C0-4E3B-9ED0-3FBBE41D7563}.Release|x64.ActiveCfg = Release|x64
		{72DC0F54-40C0-4E3B-9ED0-3FBBE41D7563}.Release|x64.Build.0 = Release|x64
	EndGlobalSection
	GlobalSection(SolutionProperties) = preSolution
		HideSolutionNode = FALSE
	EndGlobalSection
	GlobalSection(ExtensibilityGlobals) = postSolution
		SolutionGuid = {0A27A6E7-7AD7-4E97-B8D7-6B980591BC1B}
	EndGlobalSection
EndGlobal
